
Microsoft Visual Studio Solution File, Format Version 12.00
# Visual Studio Version 16
VisualStudioVersion = 16.0.32106.194
MinimumVisualStudioVersion = 10.0.40219.1
Project("{FAE04EC0-301F-11D3-BF4B-00C04F79EFBC}") = "OriginalRTS", "OriginalRTS.csproj", "{7F97763A-4E9D-459C-9C93-4FC257005050}"
EndProject
Global
	GlobalSection(SolutionConfigurationPlatforms) = preSolution
		Debug|Any CPU = Debug|Any CPU
		Release|Any CPU = Release|Any CPU
	EndGlobalSection
	GlobalSection(ProjectConfigurationPlatforms) = postSolution
		{7F97763A-4E9D-459C-9C93-4FC257005050}.Debug|Any CPU.ActiveCfg = Debug|Any CPU
		{7F97763A-4E9D-459C-9C93-4FC257005050}.Debug|Any CPU.Build.0 = Debug|Any CPU
		{7F97763A-4E9D-459C-9C93-4FC257005050}.Release|Any CPU.ActiveCfg = Release|Any CPU
		{7F97763A-4E9D-459C-9C93-4FC257005050}.Release|Any CPU.Build.0 = Release|Any CPU
	EndGlobalSection
	GlobalSection(SolutionProperties) = preSolution
		HideSolutionNode = FALSE
	EndGlobalSection
	GlobalSection(ExtensibilityGlobals) = postSolution
		SolutionGuid = {D0E53DAB-6CD8-453E-A7DD-C27FEF5ADC2F}
	EndGlobalSection
EndGlobal
